
Microsoft Visual Studio Solution File, Format Version 12.00
# Visual Studio Version 17
VisualStudioVersion = 17.8.34112.27
MinimumVisualStudioVersion = 10.0.40219.1
Project("{2150E333-8FDC-42A3-9474-1A3956D46DE8}") = "Services", "Services", "{A94A053B-2A5E-4C3B-8C70-13872DD5314E}"
EndProject
Project("{2150E333-8FDC-42A3-9474-1A3956D46DE8}") = "Catalog", "Catalog", "{79702480-6856-48A3-B55A-E74B75C039F4}"
EndProject
Project("{9A19103F-16F7-4668-BE54-9A1E7A4F7556}") = "Catalog.API", "Services\Catalog\Catalog.API\Catalog.API.csproj", "{39D25E98-D5EA-4D35-A49A-E2A533EFB7F1}"
EndProject
Project("{E53339B2-1760-4266-BCC7-CA923CBCF16C}") = "docker-compose", "docker-compose.dcproj", "{89C815D8-9CB3-4630-B79B-09E45C0119D0}"
EndProject
Project("{2150E333-8FDC-42A3-9474-1A3956D46DE8}") = "Basket", "Basket", "{E547BF45-B8A0-44BA-A03F-F1493CE61A78}"
EndProject
Project("{9A19103F-16F7-4668-BE54-9A1E7A4F7556}") = "Basket.API", "Services\Basket\Basket.API\Basket.API.csproj", "{20231B54-0A99-4ADF-9249-41E26B14357C}"
EndProject
Project("{2150E333-8FDC-42A3-9474-1A3956D46DE8}") = "Discount", "Discount", "{615CDC0B-A8CC-40F9-8CE4-BE56D1B14357}"
EndProject
Project("{FAE04EC0-301F-11D3-BF4B-00C04F79EFBC}") = "Discount.API", "Services\Discount\Discount.API\Discount.API.csproj", "{4670992C-4D05-4C79-8417-E5872ED5D477}"
EndProject
Global
	GlobalSection(SolutionConfigurationPlatforms) = preSolution
		Debug|Any CPU = Debug|Any CPU
		Release|Any CPU = Release|Any CPU
	EndGlobalSection
	GlobalSection(ProjectConfigurationPlatforms) = postSolution
		{39D25E98-D5EA-4D35-A49A-E2A533EFB7F1}.Debug|Any CPU.ActiveCfg = Debug|Any CPU
		{39D25E98-D5EA-4D35-A49A-E2A533EFB7F1}.Debug|Any CPU.Build.0 = Debug|Any CPU
		{39D25E98-D5EA-4D35-A49A-E2A533EFB7F1}.Release|Any CPU.ActiveCfg = Release|Any CPU
		{39D25E98-D5EA-4D35-A49A-E2A533EFB7F1}.Release|Any CPU.Build.0 = Release|Any CPU
		{89C815D8-9CB3-4630-B79B-09E45C0119D0}.Debug|Any CPU.ActiveCfg = Debug|Any CPU
		{89C815D8-9CB3-4630-B79B-09E45C0119D0}.Debug|Any CPU.Build.0 = Debug|Any CPU
		{89C815D8-9CB3-4630-B79B-09E45C0119D0}.Release|Any CPU.ActiveCfg = Release|Any CPU
		{89C815D8-9CB3-4630-B79B-09E45C0119D0}.Release|Any CPU.Build.0 = Release|Any CPU
		{20231B54-0A99-4ADF-9249-41E26B14357C}.Debug|Any CPU.ActiveCfg = Debug|Any CPU
		{20231B54-0A99-4ADF-9249-41E26B14357C}.Debug|Any CPU.Build.0 = Debug|Any CPU
		{20231B54-0A99-4ADF-9249-41E26B14357C}.Release|Any CPU.ActiveCfg = Release|Any CPU
		{20231B54-0A99-4ADF-9249-41E26B14357C}.Release|Any CPU.Build.0 = Release|Any CPU
		{4670992C-4D05-4C79-8417-E5872ED5D477}.Debug|Any CPU.ActiveCfg = Debug|Any CPU
		{4670992C-4D05-4C79-8417-E5872ED5D477}.Debug|Any CPU.Build.0 = Debug|Any CPU
		{4670992C-4D05-4C79-8417-E5872ED5D477}.Release|Any CPU.ActiveCfg = Release|Any CPU
		{4670992C-4D05-4C79-8417-E5872ED5D477}.Release|Any CPU.Build.0 = Release|Any CPU
	EndGlobalSection
	GlobalSection(SolutionProperties) = preSolution
		HideSolutionNode = FALSE
	EndGlobalSection
	GlobalSection(NestedProjects) = preSolution
		{79702480-6856-48A3-B55A-E74B75C039F4} = {A94A053B-2A5E-4C3B-8C70-13872DD5314E}
		{39D25E98-D5EA-4D35-A49A-E2A533EFB7F1} = {79702480-6856-48A3-B55A-E74B75C039F4}
		{E547BF45-B8A0-44BA-A03F-F1493CE61A78} = {A94A053B-2A5E-4C3B-8C70-13872DD5314E}
		{20231B54-0A99-4ADF-9249-41E26B14357C} = {E547BF45-B8A0-44BA-A03F-F1493CE61A78}
		{615CDC0B-A8CC-40F9-8CE4-BE56D1B14357} = {A94A053B-2A5E-4C3B-8C70-13872DD5314E}
		{4670992C-4D05-4C79-8417-E5872ED5D477} = {615CDC0B-A8CC-40F9-8CE4-BE56D1B14357}
	EndGlobalSection
	GlobalSection(ExtensibilityGlobals) = postSolution
		SolutionGuid = {1516862C-BD54-47CE-8CC5-E64DC81AF030}
	EndGlobalSection
EndGlobal
